
Microsoft Visual Studio Solution File, Format Version 12.00
# Visual Studio Version 17
VisualStudioVersion = 17.5.002.0
MinimumVisualStudioVersion = 10.0.40219.1
Project("{9A19103F-16F7-4668-BE54-9A1E7A4F7556}") = "GraphQLCourses", "GraphQLCourses\GraphQLCourses.csproj", "{4DCE2771-6BE9-4FA5-AAB6-45EEF589F293}"
EndProject
Global
	GlobalSection(SolutionConfigurationPlatforms) = preSolution
		Debug|Any CPU = Debug|Any CPU
		Release|Any CPU = Release|Any CPU
	EndGlobalSection
	GlobalSection(ProjectConfigurationPlatforms) = postSolution
		{4DCE2771-6BE9-4FA5-AAB6-45EEF589F293}.Debug|Any CPU.ActiveCfg = Debug|Any CPU
		{4DCE2771-6BE9-4FA5-AAB6-45EEF589F293}.Debug|Any CPU.Build.0 = Debug|Any CPU
		{4DCE2771-6BE9-4FA5-AAB6-45EEF589F293}.Release|Any CPU.ActiveCfg = Release|Any CPU
		{4DCE2771-6BE9-4FA5-AAB6-45EEF589F293}.Release|Any CPU.Build.0 = Release|Any CPU
	EndGlobalSection
	GlobalSection(SolutionProperties) = preSolution
		HideSolutionNode = FALSE
	EndGlobalSection
	GlobalSection(ExtensibilityGlobals) = postSolution
		SolutionGuid = {F2B7D3DE-E769-4EC0-9BE8-0DEF136F2774}
	EndGlobalSection
EndGlobal
